
Microsoft Visual Studio Solution File, Format Version 12.00
# Visual Studio Version 16
VisualStudioVersion = 16.0.31424.327
MinimumVisualStudioVersion = 10.0.40219.1
Project("{9A19103F-16F7-4668-BE54-9A1E7A4F7556}") = "VanillaArtStore", "VanillaArtStore.csproj", "{546F6A75-8441-4B02-ADCC-C5FCD57CF217}"
EndProject
Project("{2150E333-8FDC-42A3-9474-1A3956D46DE8}") = "Services", "Services", "{8779375B-DB13-4C6B-BBD8-D348C7EC8CA1}"
EndProject
Project("{2150E333-8FDC-42A3-9474-1A3956D46DE8}") = "Data", "Data", "{A0A927E9-976D-42F4-94C6-1DC1226D20DF}"
EndProject
Project("{2150E333-8FDC-42A3-9474-1A3956D46DE8}") = "Tests", "Tests", "{BB69DBF5-7272-423F-AF49-82E2C6999AD5}"
EndProject
Project("{2150E333-8FDC-42A3-9474-1A3956D46DE8}") = "Web", "Web", "{7B09B472-0B12-4691-9CB9-1B62EB6E2BB7}"
EndProject
Global
	GlobalSection(SolutionConfigurationPlatforms) = preSolution
		Debug|Any CPU = Debug|Any CPU
		Release|Any CPU = Release|Any CPU
	EndGlobalSection
	GlobalSection(ProjectConfigurationPlatforms) = postSolution
		{546F6A75-8441-4B02-ADCC-C5FCD57CF217}.Debug|Any CPU.ActiveCfg = Debug|Any CPU
		{546F6A75-8441-4B02-ADCC-C5FCD57CF217}.Debug|Any CPU.Build.0 = Debug|Any CPU
		{546F6A75-8441-4B02-ADCC-C5FCD57CF217}.Release|Any CPU.ActiveCfg = Release|Any CPU
		{546F6A75-8441-4B02-ADCC-C5FCD57CF217}.Release|Any CPU.Build.0 = Release|Any CPU
	EndGlobalSection
	GlobalSection(SolutionProperties) = preSolution
		HideSolutionNode = FALSE
	EndGlobalSection
	GlobalSection(ExtensibilityGlobals) = postSolution
		SolutionGuid = {6B01F11D-0AFA-4104-B71E-38E1B5081881}
	EndGlobalSection
EndGlobal
